// !$*UTF8*$!
{
	archiveVersion = 1;
	classes = {
	};
	objectVersion = 56;
	objects = {

/* Begin PBXBuildFile section */
		6A66243C2C302DB20002E760 /* HomeViewModel.swift in Sources */ = {isa = PBXBuildFile; fileRef = 6A66243B2C302DB20002E760 /* HomeViewModel.swift */; };
		6A66243F2C3032820002E760 /* HomeView.swift in Sources */ = {isa = PBXBuildFile; fileRef = 6A66243E2C3032820002E760 /* HomeView.swift */; };
		6A6624462C306F7B0002E760 /* ProductDetailViewController.swift in Sources */ = {isa = PBXBuildFile; fileRef = 6A6624452C306F7B0002E760 /* ProductDetailViewController.swift */; };
		6A6624482C307D1C0002E760 /* ProductDetailView.swift in Sources */ = {isa = PBXBuildFile; fileRef = 6A6624472C307D1C0002E760 /* ProductDetailView.swift */; };
		6A66244A2C307D630002E760 /* ProductDetailViewModel.swift in Sources */ = {isa = PBXBuildFile; fileRef = 6A6624492C307D630002E760 /* ProductDetailViewModel.swift */; };
		6A66244C2C3080870002E760 /* BottomSheetViewController.swift in Sources */ = {isa = PBXBuildFile; fileRef = 6A66244B2C3080870002E760 /* BottomSheetViewController.swift */; };
		6A6624542C30AEE00002E760 /* SetupViewCode.swift in Sources */ = {isa = PBXBuildFile; fileRef = 6A6624532C30AEE00002E760 /* SetupViewCode.swift */; };
		6A6624562C30E30F0002E760 /* BottonSheetView.swift in Sources */ = {isa = PBXBuildFile; fileRef = 6A6624552C30E30F0002E760 /* BottonSheetView.swift */; };
		6A6624582C30EB650002E760 /* DigioStoreServiceProtocol.swift in Sources */ = {isa = PBXBuildFile; fileRef = 6A6624572C30EB650002E760 /* DigioStoreServiceProtocol.swift */; };
		6A66245B2C30EC700002E760 /* MockDigioStoreService.swift in Sources */ = {isa = PBXBuildFile; fileRef = 6A66245A2C30EC700002E760 /* MockDigioStoreService.swift */; };
		6A66245D2C3199A20002E760 /* ProductDetailViewModelTests.swift in Sources */ = {isa = PBXBuildFile; fileRef = 6A66245C2C3199A20002E760 /* ProductDetailViewModelTests.swift */; };
		6A6624602C319F770002E760 /* MockURLProtocol.swift in Sources */ = {isa = PBXBuildFile; fileRef = 6A66245F2C319F770002E760 /* MockURLProtocol.swift */; };
		6AFBDD6B2C2F2A6F001339AB /* AppDelegate.swift in Sources */ = {isa = PBXBuildFile; fileRef = 6AFBDD6A2C2F2A6F001339AB /* AppDelegate.swift */; };
		6AFBDD6D2C2F2A6F001339AB /* SceneDelegate.swift in Sources */ = {isa = PBXBuildFile; fileRef = 6AFBDD6C2C2F2A6F001339AB /* SceneDelegate.swift */; };
		6AFBDD6F2C2F2A6F001339AB /* HomeViewController.swift in Sources */ = {isa = PBXBuildFile; fileRef = 6AFBDD6E2C2F2A6F001339AB /* HomeViewController.swift */; };
		6AFBDD742C2F2A71001339AB /* Assets.xcassets in Resources */ = {isa = PBXBuildFile; fileRef = 6AFBDD732C2F2A71001339AB /* Assets.xcassets */; };
		6AFBDD772C2F2A71001339AB /* Base in Resources */ = {isa = PBXBuildFile; fileRef = 6AFBDD762C2F2A71001339AB /* Base */; };
		6AFBDD822C2F2A71001339AB /* HomeViewModelTests.swift in Sources */ = {isa = PBXBuildFile; fileRef = 6AFBDD812C2F2A71001339AB /* HomeViewModelTests.swift */; };
		6AFBDD8C2C2F2A71001339AB /* DigioStoreUITests.swift in Sources */ = {isa = PBXBuildFile; fileRef = 6AFBDD8B2C2F2A71001339AB /* DigioStoreUITests.swift */; };
		6AFBDD8E2C2F2A71001339AB /* DigioStoreUITestsLaunchTests.swift in Sources */ = {isa = PBXBuildFile; fileRef = 6AFBDD8D2C2F2A71001339AB /* DigioStoreUITestsLaunchTests.swift */; };
		6AFBDD9F2C2F32DD001339AB /* AppCoordinator.swift in Sources */ = {isa = PBXBuildFile; fileRef = 6AFBDD9E2C2F32DD001339AB /* AppCoordinator.swift */; };
		6AFBDDA12C2F3317001339AB /* MainCoordinator.swift in Sources */ = {isa = PBXBuildFile; fileRef = 6AFBDDA02C2F3317001339AB /* MainCoordinator.swift */; };
		6AFBDDAB2C2F3542001339AB /* DigioStoreModel.swift in Sources */ = {isa = PBXBuildFile; fileRef = 6AFBDDAA2C2F3542001339AB /* DigioStoreModel.swift */; };
		6AFBDDB42C2F365C001339AB /* DigioStoreService.swift in Sources */ = {isa = PBXBuildFile; fileRef = 6AFBDDB32C2F365C001339AB /* DigioStoreService.swift */; };
		6AFBDDBC2C2F7EC7001339AB /* SpotlightCell.swift in Sources */ = {isa = PBXBuildFile; fileRef = 6AFBDDBB2C2F7EC7001339AB /* SpotlightCell.swift */; };
		6AFBDDBE2C2F7EFB001339AB /* ProductCell.swift in Sources */ = {isa = PBXBuildFile; fileRef = 6AFBDDBD2C2F7EFB001339AB /* ProductCell.swift */; };
/* End PBXBuildFile section */

/* Begin PBXContainerItemProxy section */
		6AFBDD7E2C2F2A71001339AB /* PBXContainerItemProxy */ = {
			isa = PBXContainerItemProxy;
			containerPortal = 6AFBDD5F2C2F2A6F001339AB /* Project object */;
			proxyType = 1;
			remoteGlobalIDString = 6AFBDD662C2F2A6F001339AB;
			remoteInfo = DigioStore;
		};
		6AFBDD882C2F2A71001339AB /* PBXContainerItemProxy */ = {
			isa = PBXContainerItemProxy;
			containerPortal = 6AFBDD5F2C2F2A6F001339AB /* Project object */;
			proxyType = 1;
			remoteGlobalIDString = 6AFBDD662C2F2A6F001339AB;
			remoteInfo = DigioStore;
		};
/* End PBXContainerItemProxy section */

/* Begin PBXFileReference section */
		6A66243B2C302DB20002E760 /* HomeViewModel.swift */ = {isa = PBXFileReference; lastKnownFileType = sourcecode.swift; path = HomeViewModel.swift; sourceTree = "<group>"; };
		6A66243E2C3032820002E760 /* HomeView.swift */ = {isa = PBXFileReference; lastKnownFileType = sourcecode.swift; path = HomeView.swift; sourceTree = "<group>"; };
		6A6624452C306F7B0002E760 /* ProductDetailViewController.swift */ = {isa = PBXFileReference; lastKnownFileType = sourcecode.swift; path = ProductDetailViewController.swift; sourceTree = "<group>"; };
		6A6624472C307D1C0002E760 /* ProductDetailView.swift */ = {isa = PBXFileReference; lastKnownFileType = sourcecode.swift; path = ProductDetailView.swift; sourceTree = "<group>"; };
		6A6624492C307D630002E760 /* ProductDetailViewModel.swift */ = {isa = PBXFileReference; lastKnownFileType = sourcecode.swift; path = ProductDetailViewModel.swift; sourceTree = "<group>"; };
		6A66244B2C3080870002E760 /* BottomSheetViewController.swift */ = {isa = PBXFileReference; lastKnownFileType = sourcecode.swift; path = BottomSheetViewController.swift; sourceTree = "<group>"; };
		6A6624532C30AEE00002E760 /* SetupViewCode.swift */ = {isa = PBXFileReference; lastKnownFileType = sourcecode.swift; path = SetupViewCode.swift; sourceTree = "<group>"; };
		6A6624552C30E30F0002E760 /* BottonSheetView.swift */ = {isa = PBXFileReference; lastKnownFileType = sourcecode.swift; path = BottonSheetView.swift; sourceTree = "<group>"; };
		6A6624572C30EB650002E760 /* DigioStoreServiceProtocol.swift */ = {isa = PBXFileReference; lastKnownFileType = sourcecode.swift; path = DigioStoreServiceProtocol.swift; sourceTree = "<group>"; };
		6A66245A2C30EC700002E760 /* MockDigioStoreService.swift */ = {isa = PBXFileReference; lastKnownFileType = sourcecode.swift; path = MockDigioStoreService.swift; sourceTree = "<group>"; };
		6A66245C2C3199A20002E760 /* ProductDetailViewModelTests.swift */ = {isa = PBXFileReference; lastKnownFileType = sourcecode.swift; path = ProductDetailViewModelTests.swift; sourceTree = "<group>"; };
		6A66245F2C319F770002E760 /* MockURLProtocol.swift */ = {isa = PBXFileReference; lastKnownFileType = sourcecode.swift; path = MockURLProtocol.swift; sourceTree = "<group>"; };
		6AFBDD672C2F2A6F001339AB /* DigioStore.app */ = {isa = PBXFileReference; explicitFileType = wrapper.application; includeInIndex = 0; path = DigioStore.app; sourceTree = BUILT_PRODUCTS_DIR; };
		6AFBDD6A2C2F2A6F001339AB /* AppDelegate.swift */ = {isa = PBXFileReference; lastKnownFileType = sourcecode.swift; path = AppDelegate.swift; sourceTree = "<group>"; };
		6AFBDD6C2C2F2A6F001339AB /* SceneDelegate.swift */ = {isa = PBXFileReference; lastKnownFileType = sourcecode.swift; path = SceneDelegate.swift; sourceTree = "<group>"; };
		6AFBDD6E2C2F2A6F001339AB /* HomeViewController.swift */ = {isa = PBXFileReference; lastKnownFileType = sourcecode.swift; path = HomeViewController.swift; sourceTree = "<group>"; };
		6AFBDD732C2F2A71001339AB /* Assets.xcassets */ = {isa = PBXFileReference; lastKnownFileType = folder.assetcatalog; path = Assets.xcassets; sourceTree = "<group>"; };
		6AFBDD762C2F2A71001339AB /* Base */ = {isa = PBXFileReference; lastKnownFileType = file.storyboard; name = Base; path = Base.lproj/LaunchScreen.storyboard; sourceTree = "<group>"; };
		6AFBDD782C2F2A71001339AB /* Info.plist */ = {isa = PBXFileReference; lastKnownFileType = text.plist.xml; path = Info.plist; sourceTree = "<group>"; };
		6AFBDD7D2C2F2A71001339AB /* DigioStoreTests.xctest */ = {isa = PBXFileReference; explicitFileType = wrapper.cfbundle; includeInIndex = 0; path = DigioStoreTests.xctest; sourceTree = BUILT_PRODUCTS_DIR; };
		6AFBDD812C2F2A71001339AB /* HomeViewModelTests.swift */ = {isa = PBXFileReference; lastKnownFileType = sourcecode.swift; path = HomeViewModelTests.swift; sourceTree = "<group>"; };
		6AFBDD872C2F2A71001339AB /* DigioStoreUITests.xctest */ = {isa = PBXFileReference; explicitFileType = wrapper.cfbundle; includeInIndex = 0; path = DigioStoreUITests.xctest; sourceTree = BUILT_PRODUCTS_DIR; };
		6AFBDD8B2C2F2A71001339AB /* DigioStoreUITests.swift */ = {isa = PBXFileReference; lastKnownFileType = sourcecode.swift; path = DigioStoreUITests.swift; sourceTree = "<group>"; };
		6AFBDD8D2C2F2A71001339AB /* DigioStoreUITestsLaunchTests.swift */ = {isa = PBXFileReference; lastKnownFileType = sourcecode.swift; path = DigioStoreUITestsLaunchTests.swift; sourceTree = "<group>"; };
		6AFBDD9E2C2F32DD001339AB /* AppCoordinator.swift */ = {isa = PBXFileReference; lastKnownFileType = sourcecode.swift; path = AppCoordinator.swift; sourceTree = "<group>"; };
		6AFBDDA02C2F3317001339AB /* MainCoordinator.swift */ = {isa = PBXFileReference; lastKnownFileType = sourcecode.swift; path = MainCoordinator.swift; sourceTree = "<group>"; };
		6AFBDDAA2C2F3542001339AB /* DigioStoreModel.swift */ = {isa = PBXFileReference; lastKnownFileType = sourcecode.swift; path = DigioStoreModel.swift; sourceTree = "<group>"; };
		6AFBDDB32C2F365C001339AB /* DigioStoreService.swift */ = {isa = PBXFileReference; lastKnownFileType = sourcecode.swift; path = DigioStoreService.swift; sourceTree = "<group>"; };
		6AFBDDBB2C2F7EC7001339AB /* SpotlightCell.swift */ = {isa = PBXFileReference; lastKnownFileType = sourcecode.swift; path = SpotlightCell.swift; sourceTree = "<group>"; };
		6AFBDDBD2C2F7EFB001339AB /* ProductCell.swift */ = {isa = PBXFileReference; lastKnownFileType = sourcecode.swift; path = ProductCell.swift; sourceTree = "<group>"; };
/* End PBXFileReference section */

/* Begin PBXFrameworksBuildPhase section */
		6AFBDD642C2F2A6F001339AB /* Frameworks */ = {
			isa = PBXFrameworksBuildPhase;
			buildActionMask = 2147483647;
			files = (
			);
			runOnlyForDeploymentPostprocessing = 0;
		};
		6AFBDD7A2C2F2A71001339AB /* Frameworks */ = {
			isa = PBXFrameworksBuildPhase;
			buildActionMask = 2147483647;
			files = (
			);
			runOnlyForDeploymentPostprocessing = 0;
		};
		6AFBDD842C2F2A71001339AB /* Frameworks */ = {
			isa = PBXFrameworksBuildPhase;
			buildActionMask = 2147483647;
			files = (
			);
			runOnlyForDeploymentPostprocessing = 0;
		};
/* End PBXFrameworksBuildPhase section */

/* Begin PBXGroup section */
		6A66243A2C302D9C0002E760 /* ViewModel */ = {
			isa = PBXGroup;
			children = (
				6A66243B2C302DB20002E760 /* HomeViewModel.swift */,
				6A6624492C307D630002E760 /* ProductDetailViewModel.swift */,
			);
			path = ViewModel;
			sourceTree = "<group>";
		};
		6A66243D2C3032710002E760 /* Views */ = {
			isa = PBXGroup;
			children = (
				6A66243E2C3032820002E760 /* HomeView.swift */,
				6A6624472C307D1C0002E760 /* ProductDetailView.swift */,
				6A6624552C30E30F0002E760 /* BottonSheetView.swift */,
			);
			path = Views;
			sourceTree = "<group>";
		};
		6A6624592C30EB6D0002E760 /* Protocols */ = {
			isa = PBXGroup;
			children = (
				6A6624572C30EB650002E760 /* DigioStoreServiceProtocol.swift */,
			);
			path = Protocols;
			sourceTree = "<group>";
		};
		6A66245E2C319C880002E760 /* MockServiceTest */ = {
			isa = PBXGroup;
			children = (
				6A66245A2C30EC700002E760 /* MockDigioStoreService.swift */,
				6A66245F2C319F770002E760 /* MockURLProtocol.swift */,
			);
			path = MockServiceTest;
			sourceTree = "<group>";
		};
		6A6624632C31AA8F0002E760 /* ModelTests */ = {
			isa = PBXGroup;
			children = (
				6AFBDD812C2F2A71001339AB /* HomeViewModelTests.swift */,
				6A66245C2C3199A20002E760 /* ProductDetailViewModelTests.swift */,
			);
			path = ModelTests;
			sourceTree = "<group>";
		};
		6AFBDD5E2C2F2A6F001339AB = {
			isa = PBXGroup;
			children = (
				6AFBDD692C2F2A6F001339AB /* DigioStore */,
				6AFBDD802C2F2A71001339AB /* DigioStoreTests */,
				6AFBDD8A2C2F2A71001339AB /* DigioStoreUITests */,
				6AFBDD682C2F2A6F001339AB /* Products */,
			);
			sourceTree = "<group>";
		};
		6AFBDD682C2F2A6F001339AB /* Products */ = {
			isa = PBXGroup;
			children = (
				6AFBDD672C2F2A6F001339AB /* DigioStore.app */,
				6AFBDD7D2C2F2A71001339AB /* DigioStoreTests.xctest */,
				6AFBDD872C2F2A71001339AB /* DigioStoreUITests.xctest */,
			);
			name = Products;
			sourceTree = "<group>";
		};
		6AFBDD692C2F2A6F001339AB /* DigioStore */ = {
			isa = PBXGroup;
			children = (
				6A66243D2C3032710002E760 /* Views */,
				6A66243A2C302D9C0002E760 /* ViewModel */,
				6AFBDDC12C302B17001339AB /* DigioCell */,
				6AFBDDB52C2F378A001339AB /* Communs */,
				6AFBDDB22C2F3617001339AB /* Managers */,
				6AFBDDA52C2F3455001339AB /* Models */,
				6AFBDDA42C2F3441001339AB /* ViewControllers */,
				6AFBDD9D2C2F32C3001339AB /* Coordinator  */,
				6AFBDD6A2C2F2A6F001339AB /* AppDelegate.swift */,
				6AFBDD6C2C2F2A6F001339AB /* SceneDelegate.swift */,
				6AFBDD732C2F2A71001339AB /* Assets.xcassets */,
				6AFBDD752C2F2A71001339AB /* LaunchScreen.storyboard */,
				6AFBDD782C2F2A71001339AB /* Info.plist */,
			);
			path = DigioStore;
			sourceTree = "<group>";
		};
		6AFBDD802C2F2A71001339AB /* DigioStoreTests */ = {
			isa = PBXGroup;
			children = (
				6A6624632C31AA8F0002E760 /* ModelTests */,
				6A66245E2C319C880002E760 /* MockServiceTest */,
			);
			path = DigioStoreTests;
			sourceTree = "<group>";
		};
		6AFBDD8A2C2F2A71001339AB /* DigioStoreUITests */ = {
			isa = PBXGroup;
			children = (
				6AFBDD8B2C2F2A71001339AB /* DigioStoreUITests.swift */,
				6AFBDD8D2C2F2A71001339AB /* DigioStoreUITestsLaunchTests.swift */,
			);
			path = DigioStoreUITests;
			sourceTree = "<group>";
		};
		6AFBDD9D2C2F32C3001339AB /* Coordinator  */ = {
			isa = PBXGroup;
			children = (
				6AFBDD9E2C2F32DD001339AB /* AppCoordinator.swift */,
				6AFBDDA02C2F3317001339AB /* MainCoordinator.swift */,
			);
			path = "Coordinator ";
			sourceTree = "<group>";
		};
		6AFBDDA42C2F3441001339AB /* ViewControllers */ = {
			isa = PBXGroup;
			children = (
				6AFBDD6E2C2F2A6F001339AB /* HomeViewController.swift */,
				6A6624452C306F7B0002E760 /* ProductDetailViewController.swift */,
				6A66244B2C3080870002E760 /* BottomSheetViewController.swift */,
			);
			path = ViewControllers;
			sourceTree = "<group>";
		};
		6AFBDDA52C2F3455001339AB /* Models */ = {
			isa = PBXGroup;
			children = (
				6AFBDDAA2C2F3542001339AB /* DigioStoreModel.swift */,
			);
			path = Models;
			sourceTree = "<group>";
		};
		6AFBDDB22C2F3617001339AB /* Managers */ = {
			isa = PBXGroup;
			children = (
				6A6624592C30EB6D0002E760 /* Protocols */,
				6AFBDDB32C2F365C001339AB /* DigioStoreService.swift */,
			);
			path = Managers;
			sourceTree = "<group>";
		};
		6AFBDDB52C2F378A001339AB /* Communs */ = {
			isa = PBXGroup;
			children = (
				6A6624532C30AEE00002E760 /* SetupViewCode.swift */,
			);
			path = Communs;
			sourceTree = "<group>";
		};
		6AFBDDC12C302B17001339AB /* DigioCell */ = {
			isa = PBXGroup;
			children = (
				6AFBDDBB2C2F7EC7001339AB /* SpotlightCell.swift */,
				6AFBDDBD2C2F7EFB001339AB /* ProductCell.swift */,
			);
			path = DigioCell;
			sourceTree = "<group>";
		};
/* End PBXGroup section */

/* Begin PBXNativeTarget section */
		6AFBDD662C2F2A6F001339AB /* DigioStore */ = {
			isa = PBXNativeTarget;
			buildConfigurationList = 6AFBDD912C2F2A71001339AB /* Build configuration list for PBXNativeTarget "DigioStore" */;
			buildPhases = (
				6AFBDD9A2C2F2CBC001339AB /* Run Script */,
				6AFBDD632C2F2A6F001339AB /* Sources */,
				6AFBDD642C2F2A6F001339AB /* Frameworks */,
				6AFBDD652C2F2A6F001339AB /* Resources */,
			);
			buildRules = (
			);
			dependencies = (
			);
			name = DigioStore;
			productName = DigioStore;
			productReference = 6AFBDD672C2F2A6F001339AB /* DigioStore.app */;
			productType = "com.apple.product-type.application";
		};
		6AFBDD7C2C2F2A71001339AB /* DigioStoreTests */ = {
			isa = PBXNativeTarget;
			buildConfigurationList = 6AFBDD942C2F2A71001339AB /* Build configuration list for PBXNativeTarget "DigioStoreTests" */;
			buildPhases = (
				6AFBDD792C2F2A71001339AB /* Sources */,
				6AFBDD7A2C2F2A71001339AB /* Frameworks */,
				6AFBDD7B2C2F2A71001339AB /* Resources */,
			);
			buildRules = (
			);
			dependencies = (
				6AFBDD7F2C2F2A71001339AB /* PBXTargetDependency */,
			);
			name = DigioStoreTests;
			productName = DigioStoreTests;
			productReference = 6AFBDD7D2C2F2A71001339AB /* DigioStoreTests.xctest */;
			productType = "com.apple.product-type.bundle.unit-test";
		};
		6AFBDD862C2F2A71001339AB /* DigioStoreUITests */ = {
			isa = PBXNativeTarget;
			buildConfigurationList = 6AFBDD972C2F2A71001339AB /* Build configuration list for PBXNativeTarget "DigioStoreUITests" */;
			buildPhases = (
				6AFBDD832C2F2A71001339AB /* Sources */,
				6AFBDD842C2F2A71001339AB /* Frameworks */,
				6AFBDD852C2F2A71001339AB /* Resources */,
			);
			buildRules = (
			);
			dependencies = (
				6AFBDD892C2F2A71001339AB /* PBXTargetDependency */,
			);
			name = DigioStoreUITests;
			productName = DigioStoreUITests;
			productReference = 6AFBDD872C2F2A71001339AB /* DigioStoreUITests.xctest */;
			productType = "com.apple.product-type.bundle.ui-testing";
		};
/* End PBXNativeTarget section */

/* Begin PBXProject section */
		6AFBDD5F2C2F2A6F001339AB /* Project object */ = {
			isa = PBXProject;
			attributes = {
				BuildIndependentTargetsInParallel = 1;
				LastSwiftUpdateCheck = 1540;
				LastUpgradeCheck = 1540;
				TargetAttributes = {
					6AFBDD662C2F2A6F001339AB = {
						CreatedOnToolsVersion = 15.4;
					};
					6AFBDD7C2C2F2A71001339AB = {
						CreatedOnToolsVersion = 15.4;
						TestTargetID = 6AFBDD662C2F2A6F001339AB;
					};
					6AFBDD862C2F2A71001339AB = {
						CreatedOnToolsVersion = 15.4;
						TestTargetID = 6AFBDD662C2F2A6F001339AB;
					};
				};
			};
			buildConfigurationList = 6AFBDD622C2F2A6F001339AB /* Build configuration list for PBXProject "DigioStore" */;
			compatibilityVersion = "Xcode 14.0";
			developmentRegion = en;
			hasScannedForEncodings = 0;
			knownRegions = (
				en,
				Base,
			);
			mainGroup = 6AFBDD5E2C2F2A6F001339AB;
			productRefGroup = 6AFBDD682C2F2A6F001339AB /* Products */;
			projectDirPath = "";
			projectRoot = "";
			targets = (
				6AFBDD662C2F2A6F001339AB /* DigioStore */,
				6AFBDD7C2C2F2A71001339AB /* DigioStoreTests */,
				6AFBDD862C2F2A71001339AB /* DigioStoreUITests */,
			);
		};
/* End PBXProject section */

/* Begin PBXResourcesBuildPhase section */
		6AFBDD652C2F2A6F001339AB /* Resources */ = {
			isa = PBXResourcesBuildPhase;
			buildActionMask = 2147483647;
			files = (
				6AFBDD742C2F2A71001339AB /* Assets.xcassets in Resources */,
				6AFBDD772C2F2A71001339AB /* Base in Resources */,
			);
			runOnlyForDeploymentPostprocessing = 0;
		};
		6AFBDD7B2C2F2A71001339AB /* Resources */ = {
			isa = PBXResourcesBuildPhase;
			buildActionMask = 2147483647;
			files = (
			);
			runOnlyForDeploymentPostprocessing = 0;
		};
		6AFBDD852C2F2A71001339AB /* Resources */ = {
			isa = PBXResourcesBuildPhase;
			buildActionMask = 2147483647;
			files = (
			);
			runOnlyForDeploymentPostprocessing = 0;
		};
/* End PBXResourcesBuildPhase section */

/* Begin PBXShellScriptBuildPhase section */
		6AFBDD9A2C2F2CBC001339AB /* Run Script */ = {
			isa = PBXShellScriptBuildPhase;
			alwaysOutOfDate = 1;
			buildActionMask = 2147483647;
			files = (
			);
			inputFileListPaths = (
			);
			inputPaths = (
			);
			name = "Run Script";
			outputFileListPaths = (
			);
			outputPaths = (
				"${DERIVED_FILE_DIR}/swiftlint_output",
			);
			runOnlyForDeploymentPostprocessing = 0;
			shellPath = /bin/sh;
			shellScript = "if which swiftlint > /dev/null; then\n  swiftlint\nelse\n  echo \"warning: SwiftLint not installed, download from https://github.com/realm/SwiftLint\"\nfi\n";
		};
/* End PBXShellScriptBuildPhase section */

/* Begin PBXSourcesBuildPhase section */
		6AFBDD632C2F2A6F001339AB /* Sources */ = {
			isa = PBXSourcesBuildPhase;
			buildActionMask = 2147483647;
			files = (
				6AFBDD9F2C2F32DD001339AB /* AppCoordinator.swift in Sources */,
				6AFBDDAB2C2F3542001339AB /* DigioStoreModel.swift in Sources */,
				6A66243F2C3032820002E760 /* HomeView.swift in Sources */,
				6AFBDDBC2C2F7EC7001339AB /* SpotlightCell.swift in Sources */,
				6AFBDD6F2C2F2A6F001339AB /* HomeViewController.swift in Sources */,
				6A6624542C30AEE00002E760 /* SetupViewCode.swift in Sources */,
				6A66244A2C307D630002E760 /* ProductDetailViewModel.swift in Sources */,
				6A6624582C30EB650002E760 /* DigioStoreServiceProtocol.swift in Sources */,
				6A66244C2C3080870002E760 /* BottomSheetViewController.swift in Sources */,
				6AFBDD6B2C2F2A6F001339AB /* AppDelegate.swift in Sources */,
				6A66243C2C302DB20002E760 /* HomeViewModel.swift in Sources */,
				6A6624462C306F7B0002E760 /* ProductDetailViewController.swift in Sources */,
				6AFBDDA12C2F3317001339AB /* MainCoordinator.swift in Sources */,
				6A6624482C307D1C0002E760 /* ProductDetailView.swift in Sources */,
				6AFBDDB42C2F365C001339AB /* DigioStoreService.swift in Sources */,
				6AFBDDBE2C2F7EFB001339AB /* ProductCell.swift in Sources */,
				6A6624562C30E30F0002E760 /* BottonSheetView.swift in Sources */,
				6AFBDD6D2C2F2A6F001339AB /* SceneDelegate.swift in Sources */,
			);
			runOnlyForDeploymentPostprocessing = 0;
		};
		6AFBDD792C2F2A71001339AB /* Sources */ = {
			isa = PBXSourcesBuildPhase;
			buildActionMask = 2147483647;
			files = (
				6A66245B2C30EC700002E760 /* MockDigioStoreService.swift in Sources */,
				6AFBDD822C2F2A71001339AB /* HomeViewModelTests.swift in Sources */,
				6A66245D2C3199A20002E760 /* ProductDetailViewModelTests.swift in Sources */,
				6A6624602C319F770002E760 /* MockURLProtocol.swift in Sources */,
			);
			runOnlyForDeploymentPostprocessing = 0;
		};
		6AFBDD832C2F2A71001339AB /* Sources */ = {
			isa = PBXSourcesBuildPhase;
			buildActionMask = 2147483647;
			files = (
				6AFBDD8C2C2F2A71001339AB /* DigioStoreUITests.swift in Sources */,
				6AFBDD8E2C2F2A71001339AB /* DigioStoreUITestsLaunchTests.swift in Sources */,
			);
			runOnlyForDeploymentPostprocessing = 0;
		};
/* End PBXSourcesBuildPhase section */

/* Begin PBXTargetDependency section */
		6AFBDD7F2C2F2A71001339AB /* PBXTargetDependency */ = {
			isa = PBXTargetDependency;
			target = 6AFBDD662C2F2A6F001339AB /* DigioStore */;
			targetProxy = 6AFBDD7E2C2F2A71001339AB /* PBXContainerItemProxy */;
		};
		6AFBDD892C2F2A71001339AB /* PBXTargetDependency */ = {
			isa = PBXTargetDependency;
			target = 6AFBDD662C2F2A6F001339AB /* DigioStore */;
			targetProxy = 6AFBDD882C2F2A71001339AB /* PBXContainerItemProxy */;
		};
/* End PBXTargetDependency section */

/* Begin PBXVariantGroup section */
		6AFBDD752C2F2A71001339AB /* LaunchScreen.storyboard */ = {
			isa = PBXVariantGroup;
			children = (
				6AFBDD762C2F2A71001339AB /* Base */,
			);
			name = LaunchScreen.storyboard;
			sourceTree = "<group>";
		};
/* End PBXVariantGroup section */

/* Begin XCBuildConfiguration section */
		6AFBDD8F2C2F2A71001339AB /* Debug */ = {
			isa = XCBuildConfiguration;
			buildSettings = {
				ALWAYS_SEARCH_USER_PATHS = NO;
				ASSETCATALOG_COMPILER_GENERATE_SWIFT_ASSET_SYMBOL_EXTENSIONS = YES;
				CLANG_ANALYZER_NONNULL = YES;
				CLANG_ANALYZER_NUMBER_OBJECT_CONVERSION = YES_AGGRESSIVE;
				CLANG_CXX_LANGUAGE_STANDARD = "gnu++20";
				CLANG_ENABLE_MODULES = YES;
				CLANG_ENABLE_OBJC_ARC = YES;
				CLANG_ENABLE_OBJC_WEAK = YES;
				CLANG_WARN_BLOCK_CAPTURE_AUTORELEASING = YES;
				CLANG_WARN_BOOL_CONVERSION = YES;
				CLANG_WARN_COMMA = YES;
				CLANG_WARN_CONSTANT_CONVERSION = YES;
				CLANG_WARN_DEPRECATED_OBJC_IMPLEMENTATIONS = YES;
				CLANG_WARN_DIRECT_OBJC_ISA_USAGE = YES_ERROR;
				CLANG_WARN_DOCUMENTATION_COMMENTS = YES;
				CLANG_WARN_EMPTY_BODY = YES;
				CLANG_WARN_ENUM_CONVERSION = YES;
				CLANG_WARN_INFINITE_RECURSION = YES;
				CLANG_WARN_INT_CONVERSION = YES;
				CLANG_WARN_NON_LITERAL_NULL_CONVERSION = YES;
				CLANG_WARN_OBJC_IMPLICIT_RETAIN_SELF = YES;
				CLANG_WARN_OBJC_LITERAL_CONVERSION = YES;
				CLANG_WARN_OBJC_ROOT_CLASS = YES_ERROR;
				CLANG_WARN_QUOTED_INCLUDE_IN_FRAMEWORK_HEADER = YES;
				CLANG_WARN_RANGE_LOOP_ANALYSIS = YES;
				CLANG_WARN_STRICT_PROTOTYPES = YES;
				CLANG_WARN_SUSPICIOUS_MOVE = YES;
				CLANG_WARN_UNGUARDED_AVAILABILITY = YES_AGGRESSIVE;
				CLANG_WARN_UNREACHABLE_CODE = YES;
				CLANG_WARN__DUPLICATE_METHOD_MATCH = YES;
				COPY_PHASE_STRIP = NO;
				DEBUG_INFORMATION_FORMAT = dwarf;
				ENABLE_STRICT_OBJC_MSGSEND = YES;
				ENABLE_TESTABILITY = YES;
				ENABLE_USER_SCRIPT_SANDBOXING = YES;
				GCC_C_LANGUAGE_STANDARD = gnu17;
				GCC_DYNAMIC_NO_PIC = NO;
				GCC_NO_COMMON_BLOCKS = YES;
				GCC_OPTIMIZATION_LEVEL = 0;
				GCC_PREPROCESSOR_DEFINITIONS = (
					"DEBUG=1",
					"$(inherited)",
				);
				GCC_WARN_64_TO_32_BIT_CONVERSION = YES;
				GCC_WARN_ABOUT_RETURN_TYPE = YES_ERROR;
				GCC_WARN_UNDECLARED_SELECTOR = YES;
				GCC_WARN_UNINITIALIZED_AUTOS = YES_AGGRESSIVE;
				GCC_WARN_UNUSED_FUNCTION = YES;
				GCC_WARN_UNUSED_VARIABLE = YES;
				IPHONEOS_DEPLOYMENT_TARGET = 12.0;
				LOCALIZATION_PREFERS_STRING_CATALOGS = YES;
				MTL_ENABLE_DEBUG_INFO = INCLUDE_SOURCE;
				MTL_FAST_MATH = YES;
				ONLY_ACTIVE_ARCH = YES;
				SDKROOT = iphoneos;
				SWIFT_ACTIVE_COMPILATION_CONDITIONS = "DEBUG $(inherited)";
				SWIFT_OPTIMIZATION_LEVEL = "-Onone";
			};
			name = Debug;
		};
		6AFBDD902C2F2A71001339AB /* Release */ = {
			isa = XCBuildConfiguration;
			buildSettings = {
				ALWAYS_SEARCH_USER_PATHS = NO;
				ASSETCATALOG_COMPILER_GENERATE_SWIFT_ASSET_SYMBOL_EXTENSIONS = YES;
				CLANG_ANALYZER_NONNULL = YES;
				CLANG_ANALYZER_NUMBER_OBJECT_CONVERSION = YES_AGGRESSIVE;
				CLANG_CXX_LANGUAGE_STANDARD = "gnu++20";
				CLANG_ENABLE_MODULES = YES;
				CLANG_ENABLE_OBJC_ARC = YES;
				CLANG_ENABLE_OBJC_WEAK = YES;
				CLANG_WARN_BLOCK_CAPTURE_AUTORELEASING = YES;
				CLANG_WARN_BOOL_CONVERSION = YES;
				CLANG_WARN_COMMA = YES;
				CLANG_WARN_CONSTANT_CONVERSION = YES;
				CLANG_WARN_DEPRECATED_OBJC_IMPLEMENTATIONS = YES;
				CLANG_WARN_DIRECT_OBJC_ISA_USAGE = YES_ERROR;
				CLANG_WARN_DOCUMENTATION_COMMENTS = YES;
				CLANG_WARN_EMPTY_BODY = YES;
				CLANG_WARN_ENUM_CONVERSION = YES;
				CLANG_WARN_INFINITE_RECURSION = YES;
				CLANG_WARN_INT_CONVERSION = YES;
				CLANG_WARN_NON_LITERAL_NULL_CONVERSION = YES;
				CLANG_WARN_OBJC_IMPLICIT_RETAIN_SELF = YES;
				CLANG_WARN_OBJC_LITERAL_CONVERSION = YES;
				CLANG_WARN_OBJC_ROOT_CLASS = YES_ERROR;
				CLANG_WARN_QUOTED_INCLUDE_IN_FRAMEWORK_HEADER = YES;
				CLANG_WARN_RANGE_LOOP_ANALYSIS = YES;
				CLANG_WARN_STRICT_PROTOTYPES = YES;
				CLANG_WARN_SUSPICIOUS_MOVE = YES;
				CLANG_WARN_UNGUARDED_AVAILABILITY = YES_AGGRESSIVE;
				CLANG_WARN_UNREACHABLE_CODE = YES;
				CLANG_WARN__DUPLICATE_METHOD_MATCH = YES;
				COPY_PHASE_STRIP = NO;
				DEBUG_INFORMATION_FORMAT = "dwarf-with-dsym";
				ENABLE_NS_ASSERTIONS = NO;
				ENABLE_STRICT_OBJC_MSGSEND = YES;
				ENABLE_USER_SCRIPT_SANDBOXING = YES;
				GCC_C_LANGUAGE_STANDARD = gnu17;
				GCC_NO_COMMON_BLOCKS = YES;
				GCC_WARN_64_TO_32_BIT_CONVERSION = YES;
				GCC_WARN_ABOUT_RETURN_TYPE = YES_ERROR;
				GCC_WARN_UNDECLARED_SELECTOR = YES;
				GCC_WARN_UNINITIALIZED_AUTOS = YES_AGGRESSIVE;
				GCC_WARN_UNUSED_FUNCTION = YES;
				GCC_WARN_UNUSED_VARIABLE = YES;
				IPHONEOS_DEPLOYMENT_TARGET = 12.0;
				LOCALIZATION_PREFERS_STRING_CATALOGS = YES;
				MTL_ENABLE_DEBUG_INFO = NO;
				MTL_FAST_MATH = YES;
				SDKROOT = iphoneos;
				SWIFT_COMPILATION_MODE = wholemodule;
				VALIDATE_PRODUCT = YES;
			};
			name = Release;
		};
		6AFBDD922C2F2A71001339AB /* Debug */ = {
			isa = XCBuildConfiguration;
			buildSettings = {
				ASSETCATALOG_COMPILER_APPICON_NAME = AppIcon;
				ASSETCATALOG_COMPILER_GLOBAL_ACCENT_COLOR_NAME = AccentColor;
				CODE_SIGN_STYLE = Automatic;
				CURRENT_PROJECT_VERSION = 1;
				DEVELOPMENT_TEAM = GVZ365R9Z5;
				GENERATE_INFOPLIST_FILE = YES;
				INFOPLIST_FILE = DigioStore/Info.plist;
				INFOPLIST_KEY_UIApplicationSupportsIndirectInputEvents = YES;
				INFOPLIST_KEY_UILaunchStoryboardName = LaunchScreen;
				INFOPLIST_KEY_UISupportedInterfaceOrientations_iPad = "UIInterfaceOrientationPortrait UIInterfaceOrientationPortraitUpsideDown UIInterfaceOrientationLandscapeLeft UIInterfaceOrientationLandscapeRight";
				INFOPLIST_KEY_UISupportedInterfaceOrientations_iPhone = "UIInterfaceOrientationPortrait UIInterfaceOrientationLandscapeLeft UIInterfaceOrientationLandscapeRight";
				LD_RUNPATH_SEARCH_PATHS = (
					"$(inherited)",
					"@executable_path/Frameworks",
				);
				MARKETING_VERSION = 1.0;
				PRODUCT_BUNDLE_IDENTIFIER = rodrigues.com.DigioStore;
				PRODUCT_NAME = "$(TARGET_NAME)";
				SWIFT_EMIT_LOC_STRINGS = YES;
				SWIFT_VERSION = 4.2;
				TARGETED_DEVICE_FAMILY = "1,2";
			};
			name = Debug;
		};
		6AFBDD932C2F2A71001339AB /* Release */ = {
			isa = XCBuildConfiguration;
			buildSettings = {
				ASSETCATALOG_COMPILER_APPICON_NAME = AppIcon;
				ASSETCATALOG_COMPILER_GLOBAL_ACCENT_COLOR_NAME = AccentColor;
				CODE_SIGN_STYLE = Automatic;
				CURRENT_PROJECT_VERSION = 1;
				DEVELOPMENT_TEAM = GVZ365R9Z5;
				GENERATE_INFOPLIST_FILE = YES;
				INFOPLIST_FILE = DigioStore/Info.plist;
				INFOPLIST_KEY_UIApplicationSupportsIndirectInputEvents = YES;
				INFOPLIST_KEY_UILaunchStoryboardName = LaunchScreen;
				INFOPLIST_KEY_UISupportedInterfaceOrientations_iPad = "UIInterfaceOrientationPortrait UIInterfaceOrientationPortraitUpsideDown UIInterfaceOrientationLandscapeLeft UIInterfaceOrientationLandscapeRight";
				INFOPLIST_KEY_UISupportedInterfaceOrientations_iPhone = "UIInterfaceOrientationPortrait UIInterfaceOrientationLandscapeLeft UIInterfaceOrientationLandscapeRight";
				LD_RUNPATH_SEARCH_PATHS = (
					"$(inherited)",
					"@executable_path/Frameworks",
				);
				MARKETING_VERSION = 1.0;
				PRODUCT_BUNDLE_IDENTIFIER = rodrigues.com.DigioStore;
				PRODUCT_NAME = "$(TARGET_NAME)";
				SWIFT_EMIT_LOC_STRINGS = YES;
				SWIFT_VERSION = 4.2;
				TARGETED_DEVICE_FAMILY = "1,2";
			};
			name = Release;
		};
		6AFBDD952C2F2A71001339AB /* Debug */ = {
			isa = XCBuildConfiguration;
			buildSettings = {
				ALWAYS_EMBED_SWIFT_STANDARD_LIBRARIES = YES;
				BUNDLE_LOADER = "$(TEST_HOST)";
				CODE_SIGN_STYLE = Automatic;
				CURRENT_PROJECT_VERSION = 1;
				DEVELOPMENT_TEAM = GVZ365R9Z5;
				GENERATE_INFOPLIST_FILE = YES;
				IPHONEOS_DEPLOYMENT_TARGET = 17.5;
				MARKETING_VERSION = 1.0;
				PRODUCT_BUNDLE_IDENTIFIER = rodrigues.com.DigioStoreTests;
				PRODUCT_NAME = "$(TARGET_NAME)";
				SWIFT_EMIT_LOC_STRINGS = NO;
				SWIFT_VERSION = 5.0;
				TARGETED_DEVICE_FAMILY = "1,2";
				TEST_HOST = "$(BUILT_PRODUCTS_DIR)/DigioStore.app/$(BUNDLE_EXECUTABLE_FOLDER_PATH)/DigioStore";
			};
			name = Debug;
		};
		6AFBDD962C2F2A71001339AB /* Release */ = {
			isa = XCBuildConfiguration;
			buildSettings = {
				ALWAYS_EMBED_SWIFT_STANDARD_LIBRARIES = YES;
				BUNDLE_LOADER = "$(TEST_HOST)";
				CODE_SIGN_STYLE = Automatic;
				CURRENT_PROJECT_VERSION = 1;
				DEVELOPMENT_TEAM = GVZ365R9Z5;
				GENERATE_INFOPLIST_FILE = YES;
				IPHONEOS_DEPLOYMENT_TARGET = 17.5;
				MARKETING_VERSION = 1.0;
				PRODUCT_BUNDLE_IDENTIFIER = rodrigues.com.DigioStoreTests;
				PRODUCT_NAME = "$(TARGET_NAME)";
				SWIFT_EMIT_LOC_STRINGS = NO;
				SWIFT_VERSION = 5.0;
				TARGETED_DEVICE_FAMILY = "1,2";
				TEST_HOST = "$(BUILT_PRODUCTS_DIR)/DigioStore.app/$(BUNDLE_EXECUTABLE_FOLDER_PATH)/DigioStore";
			};
			name = Release;
		};
		6AFBDD982C2F2A71001339AB /* Debug */ = {
			isa = XCBuildConfiguration;
			buildSettings = {
				ALWAYS_EMBED_SWIFT_STANDARD_LIBRARIES = YES;
				CODE_SIGN_STYLE = Automatic;
				CURRENT_PROJECT_VERSION = 1;
				DEVELOPMENT_TEAM = GVZ365R9Z5;
				GENERATE_INFOPLIST_FILE = YES;
				MARKETING_VERSION = 1.0;
				PRODUCT_BUNDLE_IDENTIFIER = rodrigues.com.DigioStoreUITests;
				PRODUCT_NAME = "$(TARGET_NAME)";
				SWIFT_EMIT_LOC_STRINGS = NO;
				SWIFT_VERSION = 5.0;
				TARGETED_DEVICE_FAMILY = "1,2";
				TEST_TARGET_NAME = DigioStore;
			};
			name = Debug;
		};
		6AFBDD992C2F2A71001339AB /* Release */ = {
			isa = XCBuildConfiguration;
			buildSettings = {
				ALWAYS_EMBED_SWIFT_STANDARD_LIBRARIES = YES;
				CODE_SIGN_STYLE = Automatic;
				CURRENT_PROJECT_VERSION = 1;
				DEVELOPMENT_TEAM = GVZ365R9Z5;
				GENERATE_INFOPLIST_FILE = YES;
				MARKETING_VERSION = 1.0;
				PRODUCT_BUNDLE_IDENTIFIER = rodrigues.com.DigioStoreUITests;
				PRODUCT_NAME = "$(TARGET_NAME)";
				SWIFT_EMIT_LOC_STRINGS = NO;
				SWIFT_VERSION = 5.0;
				TARGETED_DEVICE_FAMILY = "1,2";
				TEST_TARGET_NAME = DigioStore;
			};
			name = Release;
		};
/* End XCBuildConfiguration section */

/* Begin XCConfigurationList section */
		6AFBDD622C2F2A6F001339AB /* Build configuration list for PBXProject "DigioStore" */ = {
			isa = XCConfigurationList;
			buildConfigurations = (
				6AFBDD8F2C2F2A71001339AB /* Debug */,
				6AFBDD902C2F2A71001339AB /* Release */,
			);
			defaultConfigurationIsVisible = 0;
			defaultConfigurationName = Release;
		};
		6AFBDD912C2F2A71001339AB /* Build configuration list for PBXNativeTarget "DigioStore" */ = {
			isa = XCConfigurationList;
			buildConfigurations = (
				6AFBDD922C2F2A71001339AB /* Debug */,
				6AFBDD932C2F2A71001339AB /* Release */,
			);
			defaultConfigurationIsVisible = 0;
			defaultConfigurationName = Release;
		};
		6AFBDD942C2F2A71001339AB /* Build configuration list for PBXNativeTarget "DigioStoreTests" */ = {
			isa = XCConfigurationList;
			buildConfigurations = (
				6AFBDD952C2F2A71001339AB /* Debug */,
				6AFBDD962C2F2A71001339AB /* Release */,
			);
			defaultConfigurationIsVisible = 0;
			defaultConfigurationName = Release;
		};
		6AFBDD972C2F2A71001339AB /* Build configuration list for PBXNativeTarget "DigioStoreUITests" */ = {
			isa = XCConfigurationList;
			buildConfigurations = (
				6AFBDD982C2F2A71001339AB /* Debug */,
				6AFBDD992C2F2A71001339AB /* Release */,
			);
			defaultConfigurationIsVisible = 0;
			defaultConfigurationName = Release;
		};
/* End XCConfigurationList section */
	};
	rootObject = 6AFBDD5F2C2F2A6F001339AB /* Project object */;
}
